// !$*UTF8*$!
{
	archiveVersion = 1;
	classes = {
	};
	objectVersion = 56;
	objects = {

/* Begin PBXBuildFile section */
		11ACEC832B0BECE7009BE5B5 /* WeekForecastApp.swift in Sources */ = {isa = PBXBuildFile; fileRef = 11ACEC822B0BECE7009BE5B5 /* WeekForecastApp.swift */; };
		11ACEC852B0BECE7009BE5B5 /* ContentView.swift in Sources */ = {isa = PBXBuildFile; fileRef = 11ACEC842B0BECE7009BE5B5 /* ContentView.swift */; };
		11ACEC872B0BECE7009BE5B5 /* Assets.xcassets in Resources */ = {isa = PBXBuildFile; fileRef = 11ACEC862B0BECE7009BE5B5 /* Assets.xcassets */; };
		11ACEC962B0BED6A009BE5B5 /* ForecastModel.swift in Sources */ = {isa = PBXBuildFile; fileRef = 11ACEC952B0BED6A009BE5B5 /* ForecastModel.swift */; };
		11ACEC982B0BED7D009BE5B5 /* WeatherDataset.swift in Sources */ = {isa = PBXBuildFile; fileRef = 11ACEC972B0BED7D009BE5B5 /* WeatherDataset.swift */; };
		11ACEC9A2B0BED92009BE5B5 /* DayDetailView.swift in Sources */ = {isa = PBXBuildFile; fileRef = 11ACEC992B0BED92009BE5B5 /* DayDetailView.swift */; };
		11ACEC9C2B0BEDA6009BE5B5 /* ForecastDayRow.swift in Sources */ = {isa = PBXBuildFile; fileRef = 11ACEC9B2B0BEDA6009BE5B5 /* ForecastDayRow.swift */; };
		11ACEC9E2B0BEDC1009BE5B5 /* InfoLists.swift in Sources */ = {isa = PBXBuildFile; fileRef = 11ACEC9D2B0BEDC1009BE5B5 /* InfoLists.swift */; };
		11ACECA02B0BEDD0009BE5B5 /* Row.swift in Sources */ = {isa = PBXBuildFile; fileRef = 11ACEC9F2B0BEDD0009BE5B5 /* Row.swift */; };
		11ACECA22B0BEDEC009BE5B5 /* MainContentView.swift in Sources */ = {isa = PBXBuildFile; fileRef = 11ACECA12B0BEDEC009BE5B5 /* MainContentView.swift */; };
		11ACECA42B0BEE17009BE5B5 /* MainContentView+ViewModel.swift in Sources */ = {isa = PBXBuildFile; fileRef = 11ACECA32B0BEE17009BE5B5 /* MainContentView+ViewModel.swift */; };
		11ACECA82B0BEEBB009BE5B5 /* London.json in Resources */ = {isa = PBXBuildFile; fileRef = 11ACECA52B0BEEBB009BE5B5 /* London.json */; };
		11ACECA92B0BEEBB009BE5B5 /* Honolulu.json in Resources */ = {isa = PBXBuildFile; fileRef = 11ACECA62B0BEEBB009BE5B5 /* Honolulu.json */; };
		11ACECAA2B0BEEBB009BE5B5 /* Cincinnati.json in Resources */ = {isa = PBXBuildFile; fileRef = 11ACECA72B0BEEBB009BE5B5 /* Cincinnati.json */; };
/* End PBXBuildFile section */

/* Begin PBXFileReference section */
		11ACEC7F2B0BECE7009BE5B5 /* WeekForecast.app */ = {isa = PBXFileReference; explicitFileType = wrapper.application; includeInIndex = 0; path = WeekForecast.app; sourceTree = BUILT_PRODUCTS_DIR; };
		11ACEC822B0BECE7009BE5B5 /* WeekForecastApp.swift */ = {isa = PBXFileReference; lastKnownFileType = sourcecode.swift; path = WeekForecastApp.swift; sourceTree = "<group>"; };
		11ACEC842B0BECE7009BE5B5 /* ContentView.swift */ = {isa = PBXFileReference; lastKnownFileType = sourcecode.swift; path = ContentView.swift; sourceTree = "<group>"; };
		11ACEC862B0BECE7009BE5B5 /* Assets.xcassets */ = {isa = PBXFileReference; lastKnownFileType = folder.assetcatalog; path = Assets.xcassets; sourceTree = "<group>"; };
		11ACEC952B0BED6A009BE5B5 /* ForecastModel.swift */ = {isa = PBXFileReference; lastKnownFileType = sourcecode.swift; path = ForecastModel.swift; sourceTree = "<group>"; };
		11ACEC972B0BED7D009BE5B5 /* WeatherDataset.swift */ = {isa = PBXFileReference; lastKnownFileType = sourcecode.swift; path = WeatherDataset.swift; sourceTree = "<group>"; };
		11ACEC992B0BED92009BE5B5 /* DayDetailView.swift */ = {isa = PBXFileReference; lastKnownFileType = sourcecode.swift; path = DayDetailView.swift; sourceTree = "<group>"; };
		11ACEC9B2B0BEDA6009BE5B5 /* ForecastDayRow.swift */ = {isa = PBXFileReference; lastKnownFileType = sourcecode.swift; path = ForecastDayRow.swift; sourceTree = "<group>"; };
		11ACEC9D2B0BEDC1009BE5B5 /* InfoLists.swift */ = {isa = PBXFileReference; lastKnownFileType = sourcecode.swift; path = InfoLists.swift; sourceTree = "<group>"; };
		11ACEC9F2B0BEDD0009BE5B5 /* Row.swift */ = {isa = PBXFileReference; lastKnownFileType = sourcecode.swift; path = Row.swift; sourceTree = "<group>"; };
		11ACECA12B0BEDEC009BE5B5 /* MainContentView.swift */ = {isa = PBXFileReference; lastKnownFileType = sourcecode.swift; path = MainContentView.swift; sourceTree = "<group>"; };
		11ACECA32B0BEE17009BE5B5 /* MainContentView+ViewModel.swift */ = {isa = PBXFileReference; lastKnownFileType = sourcecode.swift; path = "MainContentView+ViewModel.swift"; sourceTree = "<group>"; };
		11ACECA52B0BEEBB009BE5B5 /* London.json */ = {isa = PBXFileReference; fileEncoding = 4; lastKnownFileType = text.json; name = London.json; path = ../../../Downloads/London.json; sourceTree = "<group>"; };
		11ACECA62B0BEEBB009BE5B5 /* Honolulu.json */ = {isa = PBXFileReference; fileEncoding = 4; lastKnownFileType = text.json; name = Honolulu.json; path = ../../../Downloads/Honolulu.json; sourceTree = "<group>"; };
		11ACECA72B0BEEBB009BE5B5 /* Cincinnati.json */ = {isa = PBXFileReference; fileEncoding = 4; lastKnownFileType = text.json; name = Cincinnati.json; path = ../../../Downloads/Cincinnati.json; sourceTree = "<group>"; };
/* End PBXFileReference section */

/* Begin PBXFrameworksBuildPhase section */
		11ACEC7C2B0BECE7009BE5B5 /* Frameworks */ = {
			isa = PBXFrameworksBuildPhase;
			buildActionMask = 2147483647;
			files = (
			);
			runOnlyForDeploymentPostprocessing = 0;
		};
/* End PBXFrameworksBuildPhase section */

/* Begin PBXGroup section */
		11ACEC762B0BECE7009BE5B5 = {
			isa = PBXGroup;
			children = (
				11ACEC812B0BECE7009BE5B5 /* WeekForecast */,
				11ACEC802B0BECE7009BE5B5 /* Products */,
			);
			sourceTree = "<group>";
		};
		11ACEC802B0BECE7009BE5B5 /* Products */ = {
			isa = PBXGroup;
			children = (
				11ACEC7F2B0BECE7009BE5B5 /* WeekForecast.app */,
			);
			name = Products;
			sourceTree = "<group>";
		};
		11ACEC812B0BECE7009BE5B5 /* WeekForecast */ = {
			isa = PBXGroup;
			children = (
				11ACECA72B0BEEBB009BE5B5 /* Cincinnati.json */,
				11ACECA62B0BEEBB009BE5B5 /* Honolulu.json */,
				11ACECA52B0BEEBB009BE5B5 /* London.json */,
				11ACEC922B0BECFB009BE5B5 /* Sub-Views */,
				11ACEC912B0BECF9009BE5B5 /* Models */,
				11ACEC902B0BECEE009BE5B5 /* MainContent */,
				11ACEC862B0BECE7009BE5B5 /* Assets.xcassets */,
				11ACEC822B0BECE7009BE5B5 /* WeekForecastApp.swift */,
				11ACEC842B0BECE7009BE5B5 /* ContentView.swift */,
			);
			path = WeekForecast;
			sourceTree = "<group>";
		};
		11ACEC902B0BECEE009BE5B5 /* MainContent */ = {
			isa = PBXGroup;
			children = (
				11ACEC942B0BED19009BE5B5 /* ViewModel */,
				11ACEC932B0BED10009BE5B5 /* View */,
			);
			path = MainContent;
			sourceTree = "<group>";
		};
		11ACEC912B0BECF9009BE5B5 /* Models */ = {
			isa = PBXGroup;
			children = (
				11ACEC952B0BED6A009BE5B5 /* ForecastModel.swift */,
				11ACEC972B0BED7D009BE5B5 /* WeatherDataset.swift */,
			);
			path = Models;
			sourceTree = "<group>";
		};
		11ACEC922B0BECFB009BE5B5 /* Sub-Views */ = {
			isa = PBXGroup;
			children = (
				11ACEC992B0BED92009BE5B5 /* DayDetailView.swift */,
				11ACEC9B2B0BEDA6009BE5B5 /* ForecastDayRow.swift */,
				11ACEC9F2B0BEDD0009BE5B5 /* Row.swift */,
			);
			path = "Sub-Views";
			sourceTree = "<group>";
		};
		11ACEC932B0BED10009BE5B5 /* View */ = {
			isa = PBXGroup;
			children = (
				11ACEC9D2B0BEDC1009BE5B5 /* InfoLists.swift */,
				11ACECA12B0BEDEC009BE5B5 /* MainContentView.swift */,
			);
			path = View;
			sourceTree = "<group>";
		};
		11ACEC942B0BED19009BE5B5 /* ViewModel */ = {
			isa = PBXGroup;
			children = (
				11ACECA32B0BEE17009BE5B5 /* MainContentView+ViewModel.swift */,
			);
			path = ViewModel;
			sourceTree = "<group>";
		};
/* End PBXGroup section */

/* Begin PBXNativeTarget section */
		11ACEC7E2B0BECE7009BE5B5 /* WeekForecast */ = {
			isa = PBXNativeTarget;
			buildConfigurationList = 11ACEC8D2B0BECE7009BE5B5 /* Build configuration list for PBXNativeTarget "WeekForecast" */;
			buildPhases = (
				11ACEC7B2B0BECE7009BE5B5 /* Sources */,
				11ACEC7C2B0BECE7009BE5B5 /* Frameworks */,
				11ACEC7D2B0BECE7009BE5B5 /* Resources */,
			);
			buildRules = (
			);
			dependencies = (
			);
			name = WeekForecast;
			productName = WeekForecast;
			productReference = 11ACEC7F2B0BECE7009BE5B5 /* WeekForecast.app */;
			productType = "com.apple.product-type.application";
		};
/* End PBXNativeTarget section */

/* Begin PBXProject section */
		11ACEC772B0BECE7009BE5B5 /* Project object */ = {
			isa = PBXProject;
			attributes = {
				BuildIndependentTargetsInParallel = 1;
				LastSwiftUpdateCheck = 1500;
				LastUpgradeCheck = 1500;
				TargetAttributes = {
					11ACEC7E2B0BECE7009BE5B5 = {
						CreatedOnToolsVersion = 15.0.1;
					};
				};
			};
			buildConfigurationList = 11ACEC7A2B0BECE7009BE5B5 /* Build configuration list for PBXProject "WeekForecast" */;
			compatibilityVersion = "Xcode 14.0";
			developmentRegion = en;
			hasScannedForEncodings = 0;
			knownRegions = (
				en,
				Base,
			);
			mainGroup = 11ACEC762B0BECE7009BE5B5;
			productRefGroup = 11ACEC802B0BECE7009BE5B5 /* Products */;
			projectDirPath = "";
			projectRoot = "";
			targets = (
				11ACEC7E2B0BECE7009BE5B5 /* WeekForecast */,
			);
		};
/* End PBXProject section */

/* Begin PBXResourcesBuildPhase section */
		11ACEC7D2B0BECE7009BE5B5 /* Resources */ = {
			isa = PBXResourcesBuildPhase;
			buildActionMask = 2147483647;
			files = (
				11ACECAA2B0BEEBB009BE5B5 /* Cincinnati.json in Resources */,
				11ACECA82B0BEEBB009BE5B5 /* London.json in Resources */,
				11ACEC872B0BECE7009BE5B5 /* Assets.xcassets in Resources */,
				11ACECA92B0BEEBB009BE5B5 /* Honolulu.json in Resources */,
			);
			runOnlyForDeploymentPostprocessing = 0;
		};
/* End PBXResourcesBuildPhase section */

/* Begin PBXSourcesBuildPhase section */
		11ACEC7B2B0BECE7009BE5B5 /* Sources */ = {
			isa = PBXSourcesBuildPhase;
			buildActionMask = 2147483647;
			files = (
				11ACECA42B0BEE17009BE5B5 /* MainContentView+ViewModel.swift in Sources */,
				11ACEC852B0BECE7009BE5B5 /* ContentView.swift in Sources */,
				11ACEC9A2B0BED92009BE5B5 /* DayDetailView.swift in Sources */,
				11ACEC9C2B0BEDA6009BE5B5 /* ForecastDayRow.swift in Sources */,
				11ACEC982B0BED7D009BE5B5 /* WeatherDataset.swift in Sources */,
				11ACECA02B0BEDD0009BE5B5 /* Row.swift in Sources */,
				11ACECA22B0BEDEC009BE5B5 /* MainContentView.swift in Sources */,
				11ACEC962B0BED6A009BE5B5 /* ForecastModel.swift in Sources */,
				11ACEC9E2B0BEDC1009BE5B5 /* InfoLists.swift in Sources */,
				11ACEC832B0BECE7009BE5B5 /* WeekForecastApp.swift in Sources */,
			);
			runOnlyForDeploymentPostprocessing = 0;
		};
/* End PBXSourcesBuildPhase section */

/* Begin XCBuildConfiguration section */
		11ACEC8B2B0BECE7009BE5B5 /* Debug */ = {
			isa = XCBuildConfiguration;
			buildSettings = {
				ALWAYS_SEARCH_USER_PATHS = NO;
				ASSETCATALOG_COMPILER_GENERATE_SWIFT_ASSET_SYMBOL_EXTENSIONS = YES;
				CLANG_ANALYZER_NONNULL = YES;
				CLANG_ANALYZER_NUMBER_OBJECT_CONVERSION = YES_AGGRESSIVE;
				CLANG_CXX_LANGUAGE_STANDARD = "gnu++20";
				CLANG_ENABLE_MODULES = YES;
				CLANG_ENABLE_OBJC_ARC = YES;
				CLANG_ENABLE_OBJC_WEAK = YES;
				CLANG_WARN_BLOCK_CAPTURE_AUTORELEASING = YES;
				CLANG_WARN_BOOL_CONVERSION = YES;
				CLANG_WARN_COMMA = YES;
				CLANG_WARN_CONSTANT_CONVERSION = YES;
				CLANG_WARN_DEPRECATED_OBJC_IMPLEMENTATIONS = YES;
				CLANG_WARN_DIRECT_OBJC_ISA_USAGE = YES_ERROR;
				CLANG_WARN_DOCUMENTATION_COMMENTS = YES;
				CLANG_WARN_EMPTY_BODY = YES;
				CLANG_WARN_ENUM_CONVERSION = YES;
				CLANG_WARN_INFINITE_RECURSION = YES;
				CLANG_WARN_INT_CONVERSION = YES;
				CLANG_WARN_NON_LITERAL_NULL_CONVERSION = YES;
				CLANG_WARN_OBJC_IMPLICIT_RETAIN_SELF = YES;
				CLANG_WARN_OBJC_LITERAL_CONVERSION = YES;
				CLANG_WARN_OBJC_ROOT_CLASS = YES_ERROR;
				CLANG_WARN_QUOTED_INCLUDE_IN_FRAMEWORK_HEADER = YES;
				CLANG_WARN_RANGE_LOOP_ANALYSIS = YES;
				CLANG_WARN_STRICT_PROTOTYPES = YES;
				CLANG_WARN_SUSPICIOUS_MOVE = YES;
				CLANG_WARN_UNGUARDED_AVAILABILITY = YES_AGGRESSIVE;
				CLANG_WARN_UNREACHABLE_CODE = YES;
				CLANG_WARN__DUPLICATE_METHOD_MATCH = YES;
				COPY_PHASE_STRIP = NO;
				DEBUG_INFORMATION_FORMAT = dwarf;
				ENABLE_STRICT_OBJC_MSGSEND = YES;
				ENABLE_TESTABILITY = YES;
				ENABLE_USER_SCRIPT_SANDBOXING = YES;
				GCC_C_LANGUAGE_STANDARD = gnu17;
				GCC_DYNAMIC_NO_PIC = NO;
				GCC_NO_COMMON_BLOCKS = YES;
				GCC_OPTIMIZATION_LEVEL = 0;
				GCC_PREPROCESSOR_DEFINITIONS = (
					"DEBUG=1",
					"$(inherited)",
				);
				GCC_WARN_64_TO_32_BIT_CONVERSION = YES;
				GCC_WARN_ABOUT_RETURN_TYPE = YES_ERROR;
				GCC_WARN_UNDECLARED_SELECTOR = YES;
				GCC_WARN_UNINITIALIZED_AUTOS = YES_AGGRESSIVE;
				GCC_WARN_UNUSED_FUNCTION = YES;
				GCC_WARN_UNUSED_VARIABLE = YES;
				IPHONEOS_DEPLOYMENT_TARGET = 17.0;
				LOCALIZATION_PREFERS_STRING_CATALOGS = YES;
				MTL_ENABLE_DEBUG_INFO = INCLUDE_SOURCE;
				MTL_FAST_MATH = YES;
				ONLY_ACTIVE_ARCH = YES;
				SDKROOT = iphoneos;
				SWIFT_ACTIVE_COMPILATION_CONDITIONS = "DEBUG $(inherited)";
				SWIFT_OPTIMIZATION_LEVEL = "-Onone";
			};
			name = Debug;
		};
		11ACEC8C2B0BECE7009BE5B5 /* Release */ = {
			isa = XCBuildConfiguration;
			buildSettings = {
				ALWAYS_SEARCH_USER_PATHS = NO;
				ASSETCATALOG_COMPILER_GENERATE_SWIFT_ASSET_SYMBOL_EXTENSIONS = YES;
				CLANG_ANALYZER_NONNULL = YES;
				CLANG_ANALYZER_NUMBER_OBJECT_CONVERSION = YES_AGGRESSIVE;
				CLANG_CXX_LANGUAGE_STANDARD = "gnu++20";
				CLANG_ENABLE_MODULES = YES;
				CLANG_ENABLE_OBJC_ARC = YES;
				CLANG_ENABLE_OBJC_WEAK = YES;
				CLANG_WARN_BLOCK_CAPTURE_AUTORELEASING = YES;
				CLANG_WARN_BOOL_CONVERSION = YES;
				CLANG_WARN_COMMA = YES;
				CLANG_WARN_CONSTANT_CONVERSION = YES;
				CLANG_WARN_DEPRECATED_OBJC_IMPLEMENTATIONS = YES;
				CLANG_WARN_DIRECT_OBJC_ISA_USAGE = YES_ERROR;
				CLANG_WARN_DOCUMENTATION_COMMENTS = YES;
				CLANG_WARN_EMPTY_BODY = YES;
				CLANG_WARN_ENUM_CONVERSION = YES;
				CLANG_WARN_INFINITE_RECURSION = YES;
				CLANG_WARN_INT_CONVERSION = YES;
				CLANG_WARN_NON_LITERAL_NULL_CONVERSION = YES;
				CLANG_WARN_OBJC_IMPLICIT_RETAIN_SELF = YES;
				CLANG_WARN_OBJC_LITERAL_CONVERSION = YES;
				CLANG_WARN_OBJC_ROOT_CLASS = YES_ERROR;
				CLANG_WARN_QUOTED_INCLUDE_IN_FRAMEWORK_HEADER = YES;
				CLANG_WARN_RANGE_LOOP_ANALYSIS = YES;
				CLANG_WARN_STRICT_PROTOTYPES = YES;
				CLANG_WARN_SUSPICIOUS_MOVE = YES;
				CLANG_WARN_UNGUARDED_AVAILABILITY = YES_AGGRESSIVE;
				CLANG_WARN_UNREACHABLE_CODE = YES;
				CLANG_WARN__DUPLICATE_METHOD_MATCH = YES;
				COPY_PHASE_STRIP = NO;
				DEBUG_INFORMATION_FORMAT = "dwarf-with-dsym";
				ENABLE_NS_ASSERTIONS = NO;
				ENABLE_STRICT_OBJC_MSGSEND = YES;
				ENABLE_USER_SCRIPT_SANDBOXING = YES;
				GCC_C_LANGUAGE_STANDARD = gnu17;
				GCC_NO_COMMON_BLOCKS = YES;
				GCC_WARN_64_TO_32_BIT_CONVERSION = YES;
				GCC_WARN_ABOUT_RETURN_TYPE = YES_ERROR;
				GCC_WARN_UNDECLARED_SELECTOR = YES;
				GCC_WARN_UNINITIALIZED_AUTOS = YES_AGGRESSIVE;
				GCC_WARN_UNUSED_FUNCTION = YES;
				GCC_WARN_UNUSED_VARIABLE = YES;
				IPHONEOS_DEPLOYMENT_TARGET = 17.0;
				LOCALIZATION_PREFERS_STRING_CATALOGS = YES;
				MTL_ENABLE_DEBUG_INFO = NO;
				MTL_FAST_MATH = YES;
				SDKROOT = iphoneos;
				SWIFT_COMPILATION_MODE = wholemodule;
				VALIDATE_PRODUCT = YES;
			};
			name = Release;
		};
		11ACEC8E2B0BECE7009BE5B5 /* Debug */ = {
			isa = XCBuildConfiguration;
			buildSettings = {
				ASSETCATALOG_COMPILER_APPICON_NAME = AppIcon;
				ASSETCATALOG_COMPILER_GLOBAL_ACCENT_COLOR_NAME = AccentColor;
				CODE_SIGN_STYLE = Automatic;
				CURRENT_PROJECT_VERSION = 1;
				DEVELOPMENT_ASSET_PATHS = "\"WeekForecast/Preview Content\"";
				DEVELOPMENT_TEAM = SR43B28UH6;
				ENABLE_PREVIEWS = YES;
				GENERATE_INFOPLIST_FILE = YES;
				INFOPLIST_KEY_UIApplicationSceneManifest_Generation = YES;
				INFOPLIST_KEY_UIApplicationSupportsIndirectInputEvents = YES;
				INFOPLIST_KEY_UILaunchScreen_Generation = YES;
				INFOPLIST_KEY_UISupportedInterfaceOrientations_iPad = "UIInterfaceOrientationPortrait UIInterfaceOrientationPortraitUpsideDown UIInterfaceOrientationLandscapeLeft UIInterfaceOrientationLandscapeRight";
				INFOPLIST_KEY_UISupportedInterfaceOrientations_iPhone = "UIInterfaceOrientationPortrait UIInterfaceOrientationLandscapeLeft UIInterfaceOrientationLandscapeRight";
				LD_RUNPATH_SEARCH_PATHS = (
					"$(inherited)",
					"@executable_path/Frameworks",
				);
				MARKETING_VERSION = 1.0;
				PRODUCT_BUNDLE_IDENTIFIER = ivm.WeekForecast;
				PRODUCT_NAME = "$(TARGET_NAME)";
				SWIFT_EMIT_LOC_STRINGS = YES;
				SWIFT_VERSION = 5.0;
				TARGETED_DEVICE_FAMILY = "1,2";
			};
			name = Debug;
		};
		11ACEC8F2B0BECE7009BE5B5 /* Release */ = {
			isa = XCBuildConfiguration;
			buildSettings = {
				ASSETCATALOG_COMPILER_APPICON_NAME = AppIcon;
				ASSETCATALOG_COMPILER_GLOBAL_ACCENT_COLOR_NAME = AccentColor;
				CODE_SIGN_STYLE = Automatic;
				CURRENT_PROJECT_VERSION = 1;
				DEVELOPMENT_ASSET_PATHS = "\"WeekForecast/Preview Content\"";
				DEVELOPMENT_TEAM = SR43B28UH6;
				ENABLE_PREVIEWS = YES;
				GENERATE_INFOPLIST_FILE = YES;
				INFOPLIST_KEY_UIApplicationSceneManifest_Generation = YES;
				INFOPLIST_KEY_UIApplicationSupportsIndirectInputEvents = YES;
				INFOPLIST_KEY_UILaunchScreen_Generation = YES;
				INFOPLIST_KEY_UISupportedInterfaceOrientations_iPad = "UIInterfaceOrientationPortrait UIInterfaceOrientationPortraitUpsideDown UIInterfaceOrientationLandscapeLeft UIInterfaceOrientationLandscapeRight";
				INFOPLIST_KEY_UISupportedInterfaceOrientations_iPhone = "UIInterfaceOrientationPortrait UIInterfaceOrientationLandscapeLeft UIInterfaceOrientationLandscapeRight";
				LD_RUNPATH_SEARCH_PATHS = (
					"$(inherited)",
					"@executable_path/Frameworks",
				);
				MARKETING_VERSION = 1.0;
				PRODUCT_BUNDLE_IDENTIFIER = ivm.WeekForecast;
				PRODUCT_NAME = "$(TARGET_NAME)";
				SWIFT_EMIT_LOC_STRINGS = YES;
				SWIFT_VERSION = 5.0;
				TARGETED_DEVICE_FAMILY = "1,2";
			};
			name = Release;
		};
/* End XCBuildConfiguration section */

/* Begin XCConfigurationList section */
		11ACEC7A2B0BECE7009BE5B5 /* Build configuration list for PBXProject "WeekForecast" */ = {
			isa = XCConfigurationList;
			buildConfigurations = (
				11ACEC8B2B0BECE7009BE5B5 /* Debug */,
				11ACEC8C2B0BECE7009BE5B5 /* Release */,
			);
			defaultConfigurationIsVisible = 0;
			defaultConfigurationName = Release;
		};
		11ACEC8D2B0BECE7009BE5B5 /* Build configuration list for PBXNativeTarget "WeekForecast" */ = {
			isa = XCConfigurationList;
			buildConfigurations = (
				11ACEC8E2B0BECE7009BE5B5 /* Debug */,
				11ACEC8F2B0BECE7009BE5B5 /* Release */,
			);
			defaultConfigurationIsVisible = 0;
			defaultConfigurationName = Release;
		};
/* End XCConfigurationList section */
	};
	rootObject = 11ACEC772B0BECE7009BE5B5 /* Project object */;
}
